{
  "requires": true,
  "lockfileVersion": 1,
  "dependencies": {
    "vue-chat-scroll": {
      "version": "1.3.6",
      "resolved": "https://registry.npmjs.org/vue-chat-scroll/-/vue-chat-scroll-1.3.6.tgz",
      "integrity": "sha512-5CDQb7dnJ11dXh2SAWI4f5umuHWVyXzIaNYu6HAglkGY8m2gPy+BGQaHVj6hnHIv+R7bOYi5D1nEQdT2J9yXow=="
    }
  }
}
